PODS:
  - FingerPrint (1.0.0):
    - SAMKeychain (~> 1.5.3)
  - SAMKeychain (1.5.3)

DEPENDENCIES:
  - FingerPrint

SPEC REPOS:
  https://github.com/CocoaPods/Specs.git:
    - SAMKeychain
  https://github.com/DLinkSDK/deeplink-dev-specs.git:
    - FingerPrint

SPEC CHECKSUMS:
  FingerPrint: a22cb55f8c0702cfad3908fe1d2a0c3914078e5a
  SAMKeychain: 483e1c9f32984d50ca961e26818a534283b4cd5c

PODFILE CHECKSUM: f5c61d66ef596cad10263e1bc61f3542be51867f

COCOAPODS: 1.16.2
