PODS:
  - FingerprintKit (2.0.0):
    - SAMKeychain (~> 1.5.3)
  - SAMKeychain (1.5.3)

DEPENDENCIES:
  - FingerprintKit

SPEC REPOS:
  https://github.com/CocoaPods/Specs.git:
    - SAMKeychain
  https://github.com/DLinkSDK/deeplink-dev-specs.git:
    - FingerprintKit

SPEC CHECKSUMS:
  FingerprintKit: d0dbd29aca645d7863fae237ce2c2d903843a51c
  SAMKeychain: 483e1c9f32984d50ca961e26818a534283b4cd5c

PODFILE CHECKSUM: d18b8f3f89e2a344283dc0940139837eaf8aa0a2

COCOAPODS: 1.16.2
